Microsoft Visual Studio Solution File, Format Version 12.00
# Visual Studio Version 17
VisualStudioVersion = 17.5.2.0
MinimumVisualStudioVersion = 10.0.40219.1
Project("{2150E333-8FDC-42A3-9474-1A3956D46DE8}") = "Backend", "Backend", "{1AE8ACA6-933B-BF2A-3671-3E2EAC007D16}"
EndProject
Project("{FAE04EC0-301F-11D3-BF4B-00C04F79EFBC}") = "RecipeConsoleDemo", "Backend\RecipeConsoleDemo\RecipeConsoleDemo.csproj", "{06BB119D-BF28-C07E-8DE3-58545DEFF5D9}"
EndProject
Project("{FAE04EC0-301F-11D3-BF4B-00C04F79EFBC}") = "RecipeLibrary", "Backend\RecipeLibrary\RecipeLibrary.csproj", "{7434B42F-EB78-DCD7-FAF7-8851EE5DC587}"
EndProject
Global
	GlobalSection(SolutionConfigurationPlatforms) = preSolution
		Debug|Any CPU = Debug|Any CPU
		Release|Any CPU = Release|Any CPU
	EndGlobalSection
	GlobalSection(ProjectConfigurationPlatforms) = postSolution
		{06BB119D-BF28-C07E-8DE3-58545DEFF5D9}.Debug|Any CPU.ActiveCfg = Debug|Any CPU
		{06BB119D-BF28-C07E-8DE3-58545DEFF5D9}.Debug|Any CPU.Build.0 = Debug|Any CPU
		{06BB119D-BF28-C07E-8DE3-58545DEFF5D9}.Release|Any CPU.ActiveCfg = Release|Any CPU
		{06BB119D-BF28-C07E-8DE3-58545DEFF5D9}.Release|Any CPU.Build.0 = Release|Any CPU
		{7434B42F-EB78-DCD7-FAF7-8851EE5DC587}.Debug|Any CPU.ActiveCfg = Debug|Any CPU
		{7434B42F-EB78-DCD7-FAF7-8851EE5DC587}.Debug|Any CPU.Build.0 = Debug|Any CPU
		{7434B42F-EB78-DCD7-FAF7-8851EE5DC587}.Release|Any CPU.ActiveCfg = Release|Any CPU
		{7434B42F-EB78-DCD7-FAF7-8851EE5DC587}.Release|Any CPU.Build.0 = Release|Any CPU
	EndGlobalSection
	GlobalSection(SolutionProperties) = preSolution
		HideSolutionNode = FALSE
	EndGlobalSection
	GlobalSection(NestedProjects) = preSolution
		{06BB119D-BF28-C07E-8DE3-58545DEFF5D9} = {1AE8ACA6-933B-BF2A-3671-3E2EAC007D16}
		{7434B42F-EB78-DCD7-FAF7-8851EE5DC587} = {1AE8ACA6-933B-BF2A-3671-3E2EAC007D16}
	EndGlobalSection
	GlobalSection(ExtensibilityGlobals) = postSolution
		SolutionGuid = {7D58FAAF-96F5-4BBA-84B4-9795E22BC5D0}
	EndGlobalSection
EndGlobal
